// !$*UTF8*$!
{
	archiveVersion = 1;
	classes = {
	};
	objectVersion = 46;
	objects = {

/* Begin PBXBuildFile section */
		467139BA1EA8A403006D2366 /* AFHTTPRequestOperation.m in Sources */ = {isa = PBXBuildFile; fileRef = 467139A61EA8A403006D2366 /* AFHTTPRequestOperation.m */; };
		467139BB1EA8A403006D2366 /* AFHTTPRequestOperation.m in Sources */ = {isa = PBXBuildFile; fileRef = 467139A61EA8A403006D2366 /* AFHTTPRequestOperation.m */; };
		467139BC1EA8A403006D2366 /* AFHTTPRequestOperationManager.m in Sources */ = {isa = PBXBuildFile; fileRef = 467139A81EA8A403006D2366 /* AFHTTPRequestOperationManager.m */; };
		467139BD1EA8A403006D2366 /* AFHTTPRequestOperationManager.m in Sources */ = {isa = PBXBuildFile; fileRef = 467139A81EA8A403006D2366 /* AFHTTPRequestOperationManager.m */; };
		467139BE1EA8A403006D2366 /* AFHTTPSessionManager.m in Sources */ = {isa = PBXBuildFile; fileRef = 467139AA1EA8A403006D2366 /* AFHTTPSessionManager.m */; };
		467139BF1EA8A403006D2366 /* AFHTTPSessionManager.m in Sources */ = {isa = PBXBuildFile; fileRef = 467139AA1EA8A403006D2366 /* AFHTTPSessionManager.m */; };
		467139C01EA8A403006D2366 /* AFNetworkReachabilityManager.m in Sources */ = {isa = PBXBuildFile; fileRef = 467139AD1EA8A403006D2366 /* AFNetworkReachabilityManager.m */; };
		467139C11EA8A403006D2366 /* AFNetworkReachabilityManager.m in Sources */ = {isa = PBXBuildFile; fileRef = 467139AD1EA8A403006D2366 /* AFNetworkReachabilityManager.m */; };
		467139C21EA8A403006D2366 /* AFSecurityPolicy.m in Sources */ = {isa = PBXBuildFile; fileRef = 467139AF1EA8A403006D2366 /* AFSecurityPolicy.m */; };
		467139C31EA8A403006D2366 /* AFSecurityPolicy.m in Sources */ = {isa = PBXBuildFile; fileRef = 467139AF1EA8A403006D2366 /* AFSecurityPolicy.m */; };
		467139C41EA8A403006D2366 /* AFURLConnectionOperation.m in Sources */ = {isa = PBXBuildFile; fileRef = 467139B11EA8A403006D2366 /* AFURLConnectionOperation.m */; };
		467139C51EA8A403006D2366 /* AFURLConnectionOperation.m in Sources */ = {isa = PBXBuildFile; fileRef = 467139B11EA8A403006D2366 /* AFURLConnectionOperation.m */; };
		467139C61EA8A403006D2366 /* AFURLRequestSerialization.m in Sources */ = {isa = PBXBuildFile; fileRef = 467139B31EA8A403006D2366 /* AFURLRequestSerialization.m */; };
		467139C71EA8A403006D2366 /* AFURLRequestSerialization.m in Sources */ = {isa = PBXBuildFile; fileRef = 467139B31EA8A403006D2366 /* AFURLRequestSerialization.m */; };
		467139C81EA8A403006D2366 /* AFURLResponseSerialization.m in Sources */ = {isa = PBXBuildFile; fileRef = 467139B51EA8A403006D2366 /* AFURLResponseSerialization.m */; };
		467139C91EA8A403006D2366 /* AFURLResponseSerialization.m in Sources */ = {isa = PBXBuildFile; fileRef = 467139B51EA8A403006D2366 /* AFURLResponseSerialization.m */; };
		467139CA1EA8A403006D2366 /* AFURLSessionManager.m in Sources */ = {isa = PBXBuildFile; fileRef = 467139B71EA8A403006D2366 /* AFURLSessionManager.m */; };
		467139CB1EA8A403006D2366 /* AFURLSessionManager.m in Sources */ = {isa = PBXBuildFile; fileRef = 467139B71EA8A403006D2366 /* AFURLSessionManager.m */; };
		467139CC1EA8A403006D2366 /* UIImageView+AFNetworking.m in Sources */ = {isa = PBXBuildFile; fileRef = 467139B91EA8A403006D2366 /* UIImageView+AFNetworking.m */; };
		467139CD1EA8A403006D2366 /* UIImageView+AFNetworking.m in Sources */ = {isa = PBXBuildFile; fileRef = 467139B91EA8A403006D2366 /* UIImageView+AFNetworking.m */; };
		46CC923E1EA728CC00AD92DD /* InfoPlist.strings in Resources */ = {isa = PBXBuildFile; fileRef = 8C4242AF1A2FE6F900FEA0FD /* InfoPlist.strings */; };
		8C4242421A2FE20A00FEA0FD /* main.m in Sources */ = {isa = PBXBuildFile; fileRef = 8C4242411A2FE20A00FEA0FD /* main.m */; };
		8C42424D1A2FE20A00FEA0FD /* Images.xcassets in Resources */ = {isa = PBXBuildFile; fileRef = 8C42424C1A2FE20A00FEA0FD /* Images.xcassets */; };
		8C4242501A2FE20A00FEA0FD /* LaunchScreen.xib in Resources */ = {isa = PBXBuildFile; fileRef = 8C42424E1A2FE20A00FEA0FD /* LaunchScreen.xib */; };
		8C42425C1A2FE20A00FEA0FD /* DaewoongElectronicApprovalTests.m in Sources */ = {isa = PBXBuildFile; fileRef = 8C42425B1A2FE20A00FEA0FD /* DaewoongElectronicApprovalTests.m */; };
		8C42426B1A2FE33000FEA0FD /* LoginViewController.m in Sources */ = {isa = PBXBuildFile; fileRef = 8C4242671A2FE33000FEA0FD /* LoginViewController.m */; };
		8C42426C1A2FE33000FEA0FD /* AppDelegate.m in Sources */ = {isa = PBXBuildFile; fileRef = 8C4242691A2FE33000FEA0FD /* AppDelegate.m */; };
		8C42429C1A2FE37700FEA0FD /* AFNetworkActivityIndicatorManager.m in Sources */ = {isa = PBXBuildFile; fileRef = 8C4242831A2FE37700FEA0FD /* AFNetworkActivityIndicatorManager.m */; };
		8C42429D1A2FE37700FEA0FD /* UIActivityIndicatorView+AFNetworking.m in Sources */ = {isa = PBXBuildFile; fileRef = 8C4242851A2FE37700FEA0FD /* UIActivityIndicatorView+AFNetworking.m */; };
		8C42429E1A2FE37700FEA0FD /* UIAlertView+AFNetworking.m in Sources */ = {isa = PBXBuildFile; fileRef = 8C4242871A2FE37700FEA0FD /* UIAlertView+AFNetworking.m */; };
		8C4242A11A2FE37700FEA0FD /* UIProgressView+AFNetworking.m in Sources */ = {isa = PBXBuildFile; fileRef = 8C42428E1A2FE37700FEA0FD /* UIProgressView+AFNetworking.m */; };
		8C4242A21A2FE37700FEA0FD /* UIRefreshControl+AFNetworking.m in Sources */ = {isa = PBXBuildFile; fileRef = 8C4242901A2FE37700FEA0FD /* UIRefreshControl+AFNetworking.m */; };
		8C4242A31A2FE37700FEA0FD /* UIWebView+AFNetworking.m in Sources */ = {isa = PBXBuildFile; fileRef = 8C4242921A2FE37700FEA0FD /* UIWebView+AFNetworking.m */; };
		8C4242AD1A2FE6F900FEA0FD /* InfoPlist.strings in Resources */ = {isa = PBXBuildFile; fileRef = 8C4242AF1A2FE6F900FEA0FD /* InfoPlist.strings */; };
		8C4242BA1A2FFB8F00FEA0FD /* CFNetwork.framework in Frameworks */ = {isa = PBXBuildFile; fileRef = 8C4242B91A2FFB8F00FEA0FD /* CFNetwork.framework */; };
		8C4242BD1A30040900FEA0FD /* MainWebViewController.m in Sources */ = {isa = PBXBuildFile; fileRef = 8C4242BC1A30040900FEA0FD /* MainWebViewController.m */; };
		8C4242C11A300E3300FEA0FD /* Reachability.m in Sources */ = {isa = PBXBuildFile; fileRef = 8C4242C01A300E3300FEA0FD /* Reachability.m */; };
		8C4242C31A300EDC00FEA0FD /* WebKit.framework in Frameworks */ = {isa = PBXBuildFile; fileRef = 8C4242C21A300EDC00FEA0FD /* WebKit.framework */; };
		8C4242C51A300F0000FEA0FD /* UIKit.framework in Frameworks */ = {isa = PBXBuildFile; fileRef = 8C4242C41A300F0000FEA0FD /* UIKit.framework */; };
		8C4DAEAF1A3FADFE004CDF92 /* Base64.m in Sources */ = {isa = PBXBuildFile; fileRef = 8C4DAEAE1A3FADFE004CDF92 /* Base64.m */; };
		8C7647211A64BF8300756D17 /* Icon.png in Resources */ = {isa = PBXBuildFile; fileRef = 8C7647201A64BF8300756D17 /* Icon.png */; };
		8C7B377A1A5238B1003A0463 /* Localizable.strings in Resources */ = {isa = PBXBuildFile; fileRef = 8C7B377C1A5238B1003A0463 /* Localizable.strings */; };
		8C7B377F1A523B47003A0463 /* Main.storyboard in Resources */ = {isa = PBXBuildFile; fileRef = 8C7B37811A523B47003A0463 /* Main.storyboard */; };
		8C8D62011A4D3BB9007EED51 /* intro_bg.png in Resources */ = {isa = PBXBuildFile; fileRef = 8C8D61FE1A4D3BB9007EED51 /* intro_bg.png */; };
		8C8D62031A4D3BB9007EED51 /* intro_ids.png in Resources */ = {isa = PBXBuildFile; fileRef = 8C8D62001A4D3BB9007EED51 /* intro_ids.png */; };
		8CB8345E1A636F000013EB1E /* default.png in Resources */ = {isa = PBXBuildFile; fileRef = 8CB8345D1A636F000013EB1E /* default.png */; };
		CFFDB93B1CE0770400D52907 /* LoginViewController.m in Sources */ = {isa = PBXBuildFile; fileRef = 8C4242671A2FE33000FEA0FD /* LoginViewController.m */; };
		CFFDB93D1CE0770400D52907 /* UIProgressView+AFNetworking.m in Sources */ = {isa = PBXBuildFile; fileRef = 8C42428E1A2FE37700FEA0FD /* UIProgressView+AFNetworking.m */; };
		CFFDB9401CE0770400D52907 /* MainWebViewController.m in Sources */ = {isa = PBXBuildFile; fileRef = 8C4242BC1A30040900FEA0FD /* MainWebViewController.m */; };
		CFFDB9411CE0770400D52907 /* Base64.m in Sources */ = {isa = PBXBuildFile; fileRef = 8C4DAEAE1A3FADFE004CDF92 /* Base64.m */; };
		CFFDB9441CE0770400D52907 /* UIActivityIndicatorView+AFNetworking.m in Sources */ = {isa = PBXBuildFile; fileRef = 8C4242851A2FE37700FEA0FD /* UIActivityIndicatorView+AFNetworking.m */; };
		CFFDB9461CE0770400D52907 /* UIRefreshControl+AFNetworking.m in Sources */ = {isa = PBXBuildFile; fileRef = 8C4242901A2FE37700FEA0FD /* UIRefreshControl+AFNetworking.m */; };
		CFFDB9471CE0770400D52907 /* UIWebView+AFNetworking.m in Sources */ = {isa = PBXBuildFile; fileRef = 8C4242921A2FE37700FEA0FD /* UIWebView+AFNetworking.m */; };
		CFFDB9481CE0770400D52907 /* Reachability.m in Sources */ = {isa = PBXBuildFile; fileRef = 8C4242C01A300E3300FEA0FD /* Reachability.m */; };
		CFFDB94A1CE0770400D52907 /* UIAlertView+AFNetworking.m in Sources */ = {isa = PBXBuildFile; fileRef = 8C4242871A2FE37700FEA0FD /* UIAlertView+AFNetworking.m */; };
		CFFDB94C1CE0770400D52907 /* AFNetworkActivityIndicatorManager.m in Sources */ = {isa = PBXBuildFile; fileRef = 8C4242831A2FE37700FEA0FD /* AFNetworkActivityIndicatorManager.m */; };
		CFFDB94E1CE0770400D52907 /* main.m in Sources */ = {isa = PBXBuildFile; fileRef = 8C4242411A2FE20A00FEA0FD /* main.m */; };
		CFFDB94F1CE0770400D52907 /* AppDelegate.m in Sources */ = {isa = PBXBuildFile; fileRef = 8C4242691A2FE33000FEA0FD /* AppDelegate.m */; };
		CFFDB9511CE0770400D52907 /* UIKit.framework in Frameworks */ = {isa = PBXBuildFile; fileRef = 8C4242C41A300F0000FEA0FD /* UIKit.framework */; };
		CFFDB9521CE0770400D52907 /* WebKit.framework in Frameworks */ = {isa = PBXBuildFile; fileRef = 8C4242C21A300EDC00FEA0FD /* WebKit.framework */; };
		CFFDB9531CE0770400D52907 /* CFNetwork.framework in Frameworks */ = {isa = PBXBuildFile; fileRef = 8C4242B91A2FFB8F00FEA0FD /* CFNetwork.framework */; };
		CFFDB9551CE0770400D52907 /* Main.storyboard in Resources */ = {isa = PBXBuildFile; fileRef = 8C7B37811A523B47003A0463 /* Main.storyboard */; };
		CFFDB9571CE0770400D52907 /* Icon.png in Resources */ = {isa = PBXBuildFile; fileRef = 8C7647201A64BF8300756D17 /* Icon.png */; };
		CFFDB9581CE0770400D52907 /* intro_ids.png in Resources */ = {isa = PBXBuildFile; fileRef = 8C8D62001A4D3BB9007EED51 /* intro_ids.png */; };
		CFFDB9591CE0770400D52907 /* default.png in Resources */ = {isa = PBXBuildFile; fileRef = 8CB8345D1A636F000013EB1E /* default.png */; };
		CFFDB95A1CE0770400D52907 /* LaunchScreen.xib in Resources */ = {isa = PBXBuildFile; fileRef = 8C42424E1A2FE20A00FEA0FD /* LaunchScreen.xib */; };
		CFFDB95B1CE0770400D52907 /* intro_bg.png in Resources */ = {isa = PBXBuildFile; fileRef = 8C8D61FE1A4D3BB9007EED51 /* intro_bg.png */; };
		CFFDB95C1CE0770400D52907 /* Localizable.strings in Resources */ = {isa = PBXBuildFile; fileRef = 8C7B377C1A5238B1003A0463 /* Localizable.strings */; };
		CFFDB9631CE168D300D52907 /* Images.xcassets in Resources */ = {isa = PBXBuildFile; fileRef = 8C42424C1A2FE20A00FEA0FD /* Images.xcassets */; };
		CFFDB9651CE1698500D52907 /* SmartRunner-info.plist in Resources */ = {isa = PBXBuildFile; fileRef = CFFDB9641CE1698500D52907 /* SmartRunner-info.plist */; };
		CFFDB9661CE1698700D52907 /* DaewoongEA-info.plist in Resources */ = {isa = PBXBuildFile; fileRef = 8C4242401A2FE20A00FEA0FD /* DaewoongEA-info.plist */; };
/* End PBXBuildFile section */

/* Begin PBXContainerItemProxy section */
		8C4242561A2FE20A00FEA0FD /* PBXContainerItemProxy */ = {
			isa = PBXContainerItemProxy;
			containerPortal = 8C4242341A2FE20A00FEA0FD /* Project object */;
			proxyType = 1;
			remoteGlobalIDString = 8C42423B1A2FE20A00FEA0FD;
			remoteInfo = DaewoongElectronicApproval;
		};
/* End PBXContainerItemProxy section */

/* Begin PBXFileReference section */
		467139A51EA8A403006D2366 /* AFHTTPRequestOperation.h */ = {isa = PBXFileReference; fileEncoding = 4; lastKnownFileType = sourcecode.c.h; name = AFHTTPRequestOperation.h; path = AFNetworking_new/AFHTTPRequestOperation.h; sourceTree = "<group>"; };
		467139A61EA8A403006D2366 /* AFHTTPRequestOperation.m */ = {isa = PBXFileReference; fileEncoding = 4; lastKnownFileType = sourcecode.c.objc; name = AFHTTPRequestOperation.m; path = AFNetworking_new/AFHTTPRequestOperation.m; sourceTree = "<group>"; };
		467139A71EA8A403006D2366 /* AFHTTPRequestOperationManager.h */ = {isa = PBXFileReference; fileEncoding = 4; lastKnownFileType = sourcecode.c.h; name = AFHTTPRequestOperationManager.h; path = AFNetworking_new/AFHTTPRequestOperationManager.h; sourceTree = "<group>"; };
		467139A81EA8A403006D2366 /* AFHTTPRequestOperationManager.m */ = {isa = PBXFileReference; fileEncoding = 4; lastKnownFileType = sourcecode.c.objc; name = AFHTTPRequestOperationManager.m; path = AFNetworking_new/AFHTTPRequestOperationManager.m; sourceTree = "<group>"; };
		467139A91EA8A403006D2366 /* AFHTTPSessionManager.h */ = {isa = PBXFileReference; fileEncoding = 4; lastKnownFileType = sourcecode.c.h; name = AFHTTPSessionManager.h; path = AFNetworking_new/AFHTTPSessionManager.h; sourceTree = "<group>"; };
		467139AA1EA8A403006D2366 /* AFHTTPSessionManager.m */ = {isa = PBXFileReference; fileEncoding = 4; lastKnownFileType = sourcecode.c.objc; name = AFHTTPSessionManager.m; path = AFNetworking_new/AFHTTPSessionManager.m; sourceTree = "<group>"; };
		467139AB1EA8A403006D2366 /* AFNetworking.h */ = {isa = PBXFileReference; fileEncoding = 4; lastKnownFileType = sourcecode.c.h; name = AFNetworking.h; path = AFNetworking_new/AFNetworking.h; sourceTree = "<group>"; };
		467139AC1EA8A403006D2366 /* AFNetworkReachabilityManager.h */ = {isa = PBXFileReference; fileEncoding = 4; lastKnownFileType = sourcecode.c.h; name = AFNetworkReachabilityManager.h; path = AFNetworking_new/AFNetworkReachabilityManager.h; sourceTree = "<group>"; };
		467139AD1EA8A403006D2366 /* AFNetworkReachabilityManager.m */ = {isa = PBXFileReference; fileEncoding = 4; lastKnownFileType = sourcecode.c.objc; name = AFNetworkReachabilityManager.m; path = AFNetworking_new/AFNetworkReachabilityManager.m; sourceTree = "<group>"; };
		467139AE1EA8A403006D2366 /* AFSecurityPolicy.h */ = {isa = PBXFileReference; fileEncoding = 4; lastKnownFileType = sourcecode.c.h; name = AFSecurityPolicy.h; path = AFNetworking_new/AFSecurityPolicy.h; sourceTree = "<group>"; };
		467139AF1EA8A403006D2366 /* AFSecurityPolicy.m */ = {isa = PBXFileReference; fileEncoding = 4; lastKnownFileType = sourcecode.c.objc; name = AFSecurityPolicy.m; path = AFNetworking_new/AFSecurityPolicy.m; sourceTree = "<group>"; };
		467139B01EA8A403006D2366 /* AFURLConnectionOperation.h */ = {isa = PBXFileReference; fileEncoding = 4; lastKnownFileType = sourcecode.c.h; name = AFURLConnectionOperation.h; path = AFNetworking_new/AFURLConnectionOperation.h; sourceTree = "<group>"; };
		467139B11EA8A403006D2366 /* AFURLConnectionOperation.m */ = {isa = PBXFileReference; fileEncoding = 4; lastKnownFileType = sourcecode.c.objc; name = AFURLConnectionOperation.m; path = AFNetworking_new/AFURLConnectionOperation.m; sourceTree = "<group>"; };
		467139B21EA8A403006D2366 /* AFURLRequestSerialization.h */ = {isa = PBXFileReference; fileEncoding = 4; lastKnownFileType = sourcecode.c.h; name = AFURLRequestSerialization.h; path = AFNetworking_new/AFURLRequestSerialization.h; sourceTree = "<group>"; };
		467139B31EA8A403006D2366 /* AFURLRequestSerialization.m */ = {isa = PBXFileReference; fileEncoding = 4; lastKnownFileType = sourcecode.c.objc; name = AFURLRequestSerialization.m; path = AFNetworking_new/AFURLRequestSerialization.m; sourceTree = "<group>"; };
		467139B41EA8A403006D2366 /* AFURLResponseSerialization.h */ = {isa = PBXFileReference; fileEncoding = 4; lastKnownFileType = sourcecode.c.h; name = AFURLResponseSerialization.h; path = AFNetworking_new/AFURLResponseSerialization.h; sourceTree = "<group>"; };
		467139B51EA8A403006D2366 /* AFURLResponseSerialization.m */ = {isa = PBXFileReference; fileEncoding = 4; lastKnownFileType = sourcecode.c.objc; name = AFURLResponseSerialization.m; path = AFNetworking_new/AFURLResponseSerialization.m; sourceTree = "<group>"; };
		467139B61EA8A403006D2366 /* AFURLSessionManager.h */ = {isa = PBXFileReference; fileEncoding = 4; lastKnownFileType = sourcecode.c.h; name = AFURLSessionManager.h; path = AFNetworking_new/AFURLSessionManager.h; sourceTree = "<group>"; };
		467139B71EA8A403006D2366 /* AFURLSessionManager.m */ = {isa = PBXFileReference; fileEncoding = 4; lastKnownFileType = sourcecode.c.objc; name = AFURLSessionManager.m; path = AFNetworking_new/AFURLSessionManager.m; sourceTree = "<group>"; };
		467139B81EA8A403006D2366 /* UIImageView+AFNetworking.h */ = {isa = PBXFileReference; fileEncoding = 4; lastKnownFileType = sourcecode.c.h; name = "UIImageView+AFNetworking.h"; path = "AFNetworking_new/UIImageView+AFNetworking.h"; sourceTree = "<group>"; };
		467139B91EA8A403006D2366 /* UIImageView+AFNetworking.m */ = {isa = PBXFileReference; fileEncoding = 4; lastKnownFileType = sourcecode.c.objc; name = "UIImageView+AFNetworking.m"; path = "AFNetworking_new/UIImageView+AFNetworking.m"; sourceTree = "<group>"; };
		46CC92301EA7249900AD92DD /* DaewoongElectronicApproval.entitlements */ = {isa = PBXFileReference; lastKnownFileType = text.plist.entitlements; path = DaewoongElectronicApproval.entitlements; sourceTree = "<group>"; };
		46CC92311EA7249C00AD92DD /* SmartRunner.entitlements */ = {isa = PBXFileReference; lastKnownFileType = text.plist.entitlements; path = SmartRunner.entitlements; sourceTree = "<group>"; };
		8C42423C1A2FE20A00FEA0FD /* DaewoongElectronicApproval.app */ = {isa = PBXFileReference; explicitFileType = wrapper.application; includeInIndex = 0; path = DaewoongElectronicApproval.app; sourceTree = BUILT_PRODUCTS_DIR; };
		8C4242401A2FE20A00FEA0FD /* DaewoongEA-info.plist */ = {isa = PBXFileReference; lastKnownFileType = text.plist.xml; path = "DaewoongEA-info.plist"; sourceTree = "<group>"; };
		8C4242411A2FE20A00FEA0FD /* main.m */ = {isa = PBXFileReference; lastKnownFileType = sourcecode.c.objc; path = main.m; sourceTree = "<group>"; };
		8C42424C1A2FE20A00FEA0FD /* Images.xcassets */ = {isa = PBXFileReference; lastKnownFileType = folder.assetcatalog; path = Images.xcassets; sourceTree = "<group>"; };
		8C42424F1A2FE20A00FEA0FD /* Base */ = {isa = PBXFileReference; lastKnownFileType = file.xib; name = Base; path = Base.lproj/LaunchScreen.xib; sourceTree = "<group>"; };
		8C4242551A2FE20A00FEA0FD /* DaewoongElectronicApprovalTests.xctest */ = {isa = PBXFileReference; explicitFileType = wrapper.cfbundle; includeInIndex = 0; path = DaewoongElectronicApprovalTests.xctest; sourceTree = BUILT_PRODUCTS_DIR; };
		8C42425B1A2FE20A00FEA0FD /* DaewoongElectronicApprovalTests.m */ = {isa = PBXFileReference; lastKnownFileType = sourcecode.c.objc; path = DaewoongElectronicApprovalTests.m; sourceTree = "<group>"; };
		8C4242671A2FE33000FEA0FD /* LoginViewController.m */ = {isa = PBXFileReference; fileEncoding = 4; lastKnownFileType = sourcecode.c.objc; path = LoginViewController.m; sourceTree = "<group>"; };
		8C4242681A2FE33000FEA0FD /* LoginViewController.h */ = {isa = PBXFileReference; fileEncoding = 4; lastKnownFileType = sourcecode.c.h; path = LoginViewController.h; sourceTree = "<group>"; };
		8C4242691A2FE33000FEA0FD /* AppDelegate.m */ = {isa = PBXFileReference; fileEncoding = 4; lastKnownFileType = sourcecode.c.objc; path = AppDelegate.m; sourceTree = "<group>"; };
		8C42426A1A2FE33000FEA0FD /* AppDelegate.h */ = {isa = PBXFileReference; fileEncoding = 4; lastKnownFileType = sourcecode.c.h; path = AppDelegate.h; sourceTree = "<group>"; };
		8C4242821A2FE37700FEA0FD /* AFNetworkActivityIndicatorManager.h */ = {isa = PBXFileReference; fileEncoding = 4; lastKnownFileType = sourcecode.c.h; path = AFNetworkActivityIndicatorManager.h; sourceTree = "<group>"; };
		8C4242831A2FE37700FEA0FD /* AFNetworkActivityIndicatorManager.m */ = {isa = PBXFileReference; fileEncoding = 4; lastKnownFileType = sourcecode.c.objc; path = AFNetworkActivityIndicatorManager.m; sourceTree = "<group>"; };
		8C4242841A2FE37700FEA0FD /* UIActivityIndicatorView+AFNetworking.h */ = {isa = PBXFileReference; fileEncoding = 4; lastKnownFileType = sourcecode.c.h; path = "UIActivityIndicatorView+AFNetworking.h"; sourceTree = "<group>"; };
		8C4242851A2FE37700FEA0FD /* UIActivityIndicatorView+AFNetworking.m */ = {isa = PBXFileReference; fileEncoding = 4; lastKnownFileType = sourcecode.c.objc; path = "UIActivityIndicatorView+AFNetworking.m"; sourceTree = "<group>"; };
		8C4242861A2FE37700FEA0FD /* UIAlertView+AFNetworking.h */ = {isa = PBXFileReference; fileEncoding = 4; lastKnownFileType = sourcecode.c.h; path = "UIAlertView+AFNetworking.h"; sourceTree = "<group>"; };
		8C4242871A2FE37700FEA0FD /* UIAlertView+AFNetworking.m */ = {isa = PBXFileReference; fileEncoding = 4; lastKnownFileType = sourcecode.c.objc; path = "UIAlertView+AFNetworking.m"; sourceTree = "<group>"; };
		8C42428C1A2FE37700FEA0FD /* UIKit+AFNetworking.h */ = {isa = PBXFileReference; fileEncoding = 4; lastKnownFileType = sourcecode.c.h; path = "UIKit+AFNetworking.h"; sourceTree = "<group>"; };
		8C42428D1A2FE37700FEA0FD /* UIProgressView+AFNetworking.h */ = {isa = PBXFileReference; fileEncoding = 4; lastKnownFileType = sourcecode.c.h; path = "UIProgressView+AFNetworking.h"; sourceTree = "<group>"; };
		8C42428E1A2FE37700FEA0FD /* UIProgressView+AFNetworking.m */ = {isa = PBXFileReference; fileEncoding = 4; lastKnownFileType = sourcecode.c.objc; path = "UIProgressView+AFNetworking.m"; sourceTree = "<group>"; };
		8C42428F1A2FE37700FEA0FD /* UIRefreshControl+AFNetworking.h */ = {isa = PBXFileReference; fileEncoding = 4; lastKnownFileType = sourcecode.c.h; path = "UIRefreshControl+AFNetworking.h"; sourceTree = "<group>"; };
		8C4242901A2FE37700FEA0FD /* UIRefreshControl+AFNetworking.m */ = {isa = PBXFileReference; fileEncoding = 4; lastKnownFileType = sourcecode.c.objc; path = "UIRefreshControl+AFNetworking.m"; sourceTree = "<group>"; };
		8C4242911A2FE37700FEA0FD /* UIWebView+AFNetworking.h */ = {isa = PBXFileReference; fileEncoding = 4; lastKnownFileType = sourcecode.c.h; path = "UIWebView+AFNetworking.h"; sourceTree = "<group>"; };
		8C4242921A2FE37700FEA0FD /* UIWebView+AFNetworking.m */ = {isa = PBXFileReference; fileEncoding = 4; lastKnownFileType = sourcecode.c.objc; path = "UIWebView+AFNetworking.m"; sourceTree = "<group>"; };
		8C4242AE1A2FE6F900FEA0FD /* Base */ = {isa = PBXFileReference; lastKnownFileType = text.plist.strings; name = Base; path = Base.lproj/InfoPlist.strings; sourceTree = "<group>"; };
		8C4242B91A2FFB8F00FEA0FD /* CFNetwork.framework */ = {isa = PBXFileReference; lastKnownFileType = wrapper.framework; name = CFNetwork.framework; path = System/Library/Frameworks/CFNetwork.framework; sourceTree = SDKROOT; };
		8C4242BB1A30040900FEA0FD /* MainWebViewController.h */ = {isa = PBXFileReference; fileEncoding = 4; lastKnownFileType = sourcecode.c.h; path = MainWebViewController.h; sourceTree = "<group>"; };
		8C4242BC1A30040900FEA0FD /* MainWebViewController.m */ = {isa = PBXFileReference; fileEncoding = 4; lastKnownFileType = sourcecode.c.objc; path = MainWebViewController.m; sourceTree = "<group>"; };
		8C4242BF1A300E3300FEA0FD /* Reachability.h */ = {isa = PBXFileReference; fileEncoding = 4; lastKnownFileType = sourcecode.c.h; path = Reachability.h; sourceTree = "<group>"; };
		8C4242C01A300E3300FEA0FD /* Reachability.m */ = {isa = PBXFileReference; fileEncoding = 4; lastKnownFileType = sourcecode.c.objc; path = Reachability.m; sourceTree = "<group>"; };
		8C4242C21A300EDC00FEA0FD /* WebKit.framework */ = {isa = PBXFileReference; lastKnownFileType = wrapper.framework; name = WebKit.framework; path = System/Library/Frameworks/WebKit.framework; sourceTree = SDKROOT; };
		8C4242C41A300F0000FEA0FD /* UIKit.framework */ = {isa = PBXFileReference; lastKnownFileType = wrapper.framework; name = UIKit.framework; path = System/Library/Frameworks/UIKit.framework; sourceTree = SDKROOT; };
		8C48E1D31A42653100B8FF8D /* en */ = {isa = PBXFileReference; lastKnownFileType = text.plist.strings; name = en; path = en.lproj/LaunchScreen.strings; sourceTree = "<group>"; };
		8C4DAEAD1A3FADFE004CDF92 /* Base64.h */ = {isa = PBXFileReference; fileEncoding = 4; lastKnownFileType = sourcecode.c.h; path = Base64.h; sourceTree = "<group>"; };
		8C4DAEAE1A3FADFE004CDF92 /* Base64.m */ = {isa = PBXFileReference; fileEncoding = 4; lastKnownFileType = sourcecode.c.objc; path = Base64.m; sourceTree = "<group>"; };
		8C7647201A64BF8300756D17 /* Icon.png */ = {isa = PBXFileReference; lastKnownFileType = image.png; path = Icon.png; sourceTree = "<group>"; };
		8C7B37761A523857003A0463 /* ko */ = {isa = PBXFileReference; lastKnownFileType = text.plist.strings; name = ko; path = ko.lproj/LaunchScreen.strings; sourceTree = "<group>"; };
		8C7B37771A52386E003A0463 /* ko */ = {isa = PBXFileReference; lastKnownFileType = text.plist.strings; name = ko; path = ko.lproj/InfoPlist.strings; sourceTree = "<group>"; };
		8C7B377B1A5238B1003A0463 /* Base */ = {isa = PBXFileReference; lastKnownFileType = text.plist.strings; name = Base; path = Base.lproj/Localizable.strings; sourceTree = "<group>"; };
		8C7B377D1A5238B4003A0463 /* en */ = {isa = PBXFileReference; lastKnownFileType = text.plist.strings; name = en; path = en.lproj/Localizable.strings; sourceTree = "<group>"; };
		8C7B377E1A5238B5003A0463 /* ko */ = {isa = PBXFileReference; lastKnownFileType = text.plist.strings; name = ko; path = ko.lproj/Localizable.strings; sourceTree = "<group>"; };
		8C7B37801A523B47003A0463 /* Base */ = {isa = PBXFileReference; lastKnownFileType = file.storyboard; name = Base; path = Base.lproj/Main.storyboard; sourceTree = "<group>"; };
		8C7B37831A523B4D003A0463 /* en */ = {isa = PBXFileReference; lastKnownFileType = text.plist.strings; name = en; path = en.lproj/Main.strings; sourceTree = "<group>"; };
		8C7B37851A523B4E003A0463 /* ko */ = {isa = PBXFileReference; lastKnownFileType = text.plist.strings; name = ko; path = ko.lproj/Main.strings; sourceTree = "<group>"; };
		8C8D61EB1A4CE94D007EED51 /* en */ = {isa = PBXFileReference; lastKnownFileType = text.plist.strings; name = en; path = en.lproj/InfoPlist.strings; sourceTree = "<group>"; };
		8C8D61FE1A4D3BB9007EED51 /* intro_bg.png */ = {isa = PBXFileReference; lastKnownFileType = image.png; path = intro_bg.png; sourceTree = "<group>"; };
		8C8D62001A4D3BB9007EED51 /* intro_ids.png */ = {isa = PBXFileReference; lastKnownFileType = image.png; path = intro_ids.png; sourceTree = "<group>"; };
		8CB8345D1A636F000013EB1E /* default.png */ = {isa = PBXFileReference; lastKnownFileType = image.png; path = default.png; sourceTree = "<group>"; };
		CFFDB9361CE01FC800D52907 /* DaewoongEA-Prefix.pch */ = {isa = PBXFileReference; lastKnownFileType = sourcecode.c.h; path = "DaewoongEA-Prefix.pch"; sourceTree = "<group>"; };
		CFFDB9611CE0770400D52907 /* SmartRunner.app */ = {isa = PBXFileReference; explicitFileType = wrapper.application; includeInIndex = 0; path = SmartRunner.app; sourceTree = BUILT_PRODUCTS_DIR; };
		CFFDB9641CE1698500D52907 /* SmartRunner-info.plist */ = {isa = PBXFileReference; fileEncoding = 4; lastKnownFileType = text.plist.xml; path = "SmartRunner-info.plist"; sourceTree = "<group>"; };
/* End PBXFileReference section */

/* Begin PBXFrameworksBuildPhase section */
		8C4242391A2FE20A00FEA0FD /* Frameworks */ = {
			isa = PBXFrameworksBuildPhase;
			buildActionMask = 2147483647;
			files = (
				8C4242C51A300F0000FEA0FD /* UIKit.framework in Frameworks */,
				8C4242C31A300EDC00FEA0FD /* WebKit.framework in Frameworks */,
				8C4242BA1A2FFB8F00FEA0FD /* CFNetwork.framework in Frameworks */,
			);
			runOnlyForDeploymentPostprocessing = 0;
		};
		8C4242521A2FE20A00FEA0FD /* Frameworks */ = {
			isa = PBXFrameworksBuildPhase;
			buildActionMask = 2147483647;
			files = (
			);
			runOnlyForDeploymentPostprocessing = 0;
		};
		CFFDB9501CE0770400D52907 /* Frameworks */ = {
			isa = PBXFrameworksBuildPhase;
			buildActionMask = 2147483647;
			files = (
				CFFDB9511CE0770400D52907 /* UIKit.framework in Frameworks */,
				CFFDB9521CE0770400D52907 /* WebKit.framework in Frameworks */,
				CFFDB9531CE0770400D52907 /* CFNetwork.framework in Frameworks */,
			);
			runOnlyForDeploymentPostprocessing = 0;
		};
/* End PBXFrameworksBuildPhase section */

/* Begin PBXGroup section */
		467139A41EA8A2A3006D2366 /* AFNetworking_new */ = {
			isa = PBXGroup;
			children = (
				467139A51EA8A403006D2366 /* AFHTTPRequestOperation.h */,
				467139A61EA8A403006D2366 /* AFHTTPRequestOperation.m */,
				467139A71EA8A403006D2366 /* AFHTTPRequestOperationManager.h */,
				467139A81EA8A403006D2366 /* AFHTTPRequestOperationManager.m */,
				467139A91EA8A403006D2366 /* AFHTTPSessionManager.h */,
				467139AA1EA8A403006D2366 /* AFHTTPSessionManager.m */,
				467139AB1EA8A403006D2366 /* AFNetworking.h */,
				467139AC1EA8A403006D2366 /* AFNetworkReachabilityManager.h */,
				467139AD1EA8A403006D2366 /* AFNetworkReachabilityManager.m */,
				467139AE1EA8A403006D2366 /* AFSecurityPolicy.h */,
				467139AF1EA8A403006D2366 /* AFSecurityPolicy.m */,
				467139B01EA8A403006D2366 /* AFURLConnectionOperation.h */,
				467139B11EA8A403006D2366 /* AFURLConnectionOperation.m */,
				467139B21EA8A403006D2366 /* AFURLRequestSerialization.h */,
				467139B31EA8A403006D2366 /* AFURLRequestSerialization.m */,
				467139B41EA8A403006D2366 /* AFURLResponseSerialization.h */,
				467139B51EA8A403006D2366 /* AFURLResponseSerialization.m */,
				467139B61EA8A403006D2366 /* AFURLSessionManager.h */,
				467139B71EA8A403006D2366 /* AFURLSessionManager.m */,
				467139B81EA8A403006D2366 /* UIImageView+AFNetworking.h */,
				467139B91EA8A403006D2366 /* UIImageView+AFNetworking.m */,
			);
			name = AFNetworking_new;
			sourceTree = "<group>";
		};
		8C4242331A2FE20A00FEA0FD = {
			isa = PBXGroup;
			children = (
				46CC92311EA7249C00AD92DD /* SmartRunner.entitlements */,
				8C4242C41A300F0000FEA0FD /* UIKit.framework */,
				8C4242C21A300EDC00FEA0FD /* WebKit.framework */,
				8C4242B91A2FFB8F00FEA0FD /* CFNetwork.framework */,
				8C42423E1A2FE20A00FEA0FD /* DaewoongElectronicApproval */,
				8C4242581A2FE20A00FEA0FD /* DaewoongElectronicApprovalTests */,
				8C42423D1A2FE20A00FEA0FD /* Products */,
			);
			sourceTree = "<group>";
		};
		8C42423D1A2FE20A00FEA0FD /* Products */ = {
			isa = PBXGroup;
			children = (
				8C42423C1A2FE20A00FEA0FD /* DaewoongElectronicApproval.app */,
				8C4242551A2FE20A00FEA0FD /* DaewoongElectronicApprovalTests.xctest */,
				CFFDB9611CE0770400D52907 /* SmartRunner.app */,
			);
			name = Products;
			sourceTree = "<group>";
		};
		8C42423E1A2FE20A00FEA0FD /* DaewoongElectronicApproval */ = {
			isa = PBXGroup;
			children = (
				467139A41EA8A2A3006D2366 /* AFNetworking_new */,
				46CC92301EA7249900AD92DD /* DaewoongElectronicApproval.entitlements */,
				8C4DAEAC1A3FADFE004CDF92 /* Base64 */,
				8C4242BE1A300E3300FEA0FD /* Reachability */,
				8C42426D1A2FE37700FEA0FD /* AFNetworking */,
				8C4242811A2FE37700FEA0FD /* UIKit+AFNetworking */,
				8C42426A1A2FE33000FEA0FD /* AppDelegate.h */,
				8C4242691A2FE33000FEA0FD /* AppDelegate.m */,
				8C4242681A2FE33000FEA0FD /* LoginViewController.h */,
				8C4242671A2FE33000FEA0FD /* LoginViewController.m */,
				8C4242BB1A30040900FEA0FD /* MainWebViewController.h */,
				8C4242BC1A30040900FEA0FD /* MainWebViewController.m */,
				8C42424C1A2FE20A00FEA0FD /* Images.xcassets */,
				8C7B37811A523B47003A0463 /* Main.storyboard */,
				8C42424E1A2FE20A00FEA0FD /* LaunchScreen.xib */,
				8CC30BA91A41A07100525270 /* images */,
				8C42423F1A2FE20A00FEA0FD /* Supporting Files */,
			);
			path = DaewoongElectronicApproval;
			sourceTree = "<group>";
		};
		8C42423F1A2FE20A00FEA0FD /* Supporting Files */ = {
			isa = PBXGroup;
			children = (
				CFFDB9641CE1698500D52907 /* SmartRunner-info.plist */,
				8C4242401A2FE20A00FEA0FD /* DaewoongEA-info.plist */,
				8C4242411A2FE20A00FEA0FD /* main.m */,
				8C4242AF1A2FE6F900FEA0FD /* InfoPlist.strings */,
				8C7B377C1A5238B1003A0463 /* Localizable.strings */,
				CFFDB9361CE01FC800D52907 /* DaewoongEA-Prefix.pch */,
			);
			name = "Supporting Files";
			sourceTree = "<group>";
		};
		8C4242581A2FE20A00FEA0FD /* DaewoongElectronicApprovalTests */ = {
			isa = PBXGroup;
			children = (
				8C42425B1A2FE20A00FEA0FD /* DaewoongElectronicApprovalTests.m */,
			);
			path = DaewoongElectronicApprovalTests;
			sourceTree = "<group>";
		};
		8C42426D1A2FE37700FEA0FD /* AFNetworking */ = {
			isa = PBXGroup;
			children = (
			);
			path = AFNetworking;
			sourceTree = "<group>";
		};
		8C4242811A2FE37700FEA0FD /* UIKit+AFNetworking */ = {
			isa = PBXGroup;
			children = (
				8C4242821A2FE37700FEA0FD /* AFNetworkActivityIndicatorManager.h */,
				8C4242831A2FE37700FEA0FD /* AFNetworkActivityIndicatorManager.m */,
				8C4242841A2FE37700FEA0FD /* UIActivityIndicatorView+AFNetworking.h */,
				8C4242851A2FE37700FEA0FD /* UIActivityIndicatorView+AFNetworking.m */,
				8C4242861A2FE37700FEA0FD /* UIAlertView+AFNetworking.h */,
				8C4242871A2FE37700FEA0FD /* UIAlertView+AFNetworking.m */,
				8C42428C1A2FE37700FEA0FD /* UIKit+AFNetworking.h */,
				8C42428D1A2FE37700FEA0FD /* UIProgressView+AFNetworking.h */,
				8C42428E1A2FE37700FEA0FD /* UIProgressView+AFNetworking.m */,
				8C42428F1A2FE37700FEA0FD /* UIRefreshControl+AFNetworking.h */,
				8C4242901A2FE37700FEA0FD /* UIRefreshControl+AFNetworking.m */,
				8C4242911A2FE37700FEA0FD /* UIWebView+AFNetworking.h */,
				8C4242921A2FE37700FEA0FD /* UIWebView+AFNetworking.m */,
			);
			path = "UIKit+AFNetworking";
			sourceTree = "<group>";
		};
		8C4242BE1A300E3300FEA0FD /* Reachability */ = {
			isa = PBXGroup;
			children = (
				8C4242BF1A300E3300FEA0FD /* Reachability.h */,
				8C4242C01A300E3300FEA0FD /* Reachability.m */,
			);
			path = Reachability;
			sourceTree = "<group>";
		};
		8C4DAEAC1A3FADFE004CDF92 /* Base64 */ = {
			isa = PBXGroup;
			children = (
				8C4DAEAD1A3FADFE004CDF92 /* Base64.h */,
				8C4DAEAE1A3FADFE004CDF92 /* Base64.m */,
			);
			path = Base64;
			sourceTree = "<group>";
		};
		8CC30BA91A41A07100525270 /* images */ = {
			isa = PBXGroup;
			children = (
				8C7647201A64BF8300756D17 /* Icon.png */,
				8C8D61FE1A4D3BB9007EED51 /* intro_bg.png */,
				8CB8345D1A636F000013EB1E /* default.png */,
				8C8D62001A4D3BB9007EED51 /* intro_ids.png */,
			);
			path = images;
			sourceTree = "<group>";
		};
/* End PBXGroup section */

/* Begin PBXNativeTarget section */
		8C42423B1A2FE20A00FEA0FD /* DaewoongElectronicApproval */ = {
			isa = PBXNativeTarget;
			buildConfigurationList = 8C42425F1A2FE20A00FEA0FD /* Build configuration list for PBXNativeTarget "DaewoongElectronicApproval" */;
			buildPhases = (
				8C4242381A2FE20A00FEA0FD /* Sources */,
				8C4242391A2FE20A00FEA0FD /* Frameworks */,
				8C42423A1A2FE20A00FEA0FD /* Resources */,
			);
			buildRules = (
			);
			dependencies = (
			);
			name = DaewoongElectronicApproval;
			productName = DaewoongElectronicApproval;
			productReference = 8C42423C1A2FE20A00FEA0FD /* DaewoongElectronicApproval.app */;
			productType = "com.apple.product-type.application";
		};
		8C4242541A2FE20A00FEA0FD /* DaewoongElectronicApprovalTests */ = {
			isa = PBXNativeTarget;
			buildConfigurationList = 8C4242621A2FE20A00FEA0FD /* Build configuration list for PBXNativeTarget "DaewoongElectronicApprovalTests" */;
			buildPhases = (
				8C4242511A2FE20A00FEA0FD /* Sources */,
				8C4242521A2FE20A00FEA0FD /* Frameworks */,
				8C4242531A2FE20A00FEA0FD /* Resources */,
			);
			buildRules = (
			);
			dependencies = (
				8C4242571A2FE20A00FEA0FD /* PBXTargetDependency */,
			);
			name = DaewoongElectronicApprovalTests;
			productName = DaewoongElectronicApprovalTests;
			productReference = 8C4242551A2FE20A00FEA0FD /* DaewoongElectronicApprovalTests.xctest */;
			productType = "com.apple.product-type.bundle.unit-test";
		};
		CFFDB9371CE0770400D52907 /* SmartRunner */ = {
			isa = PBXNativeTarget;
			buildConfigurationList = CFFDB95E1CE0770400D52907 /* Build configuration list for PBXNativeTarget "SmartRunner" */;
			buildPhases = (
				CFFDB9381CE0770400D52907 /* Sources */,
				CFFDB9501CE0770400D52907 /* Frameworks */,
				CFFDB9541CE0770400D52907 /* Resources */,
			);
			buildRules = (
			);
			dependencies = (
			);
			name = SmartRunner;
			productName = DaewoongElectronicApproval;
			productReference = CFFDB9611CE0770400D52907 /* SmartRunner.app */;
			productType = "com.apple.product-type.application";
		};
/* End PBXNativeTarget section */

/* Begin PBXProject section */
		8C4242341A2FE20A00FEA0FD /* Project object */ = {
			isa = PBXProject;
			attributes = {
				LastUpgradeCheck = 0610;
				ORGANIZATIONNAME = "Ids&Trust";
				TargetAttributes = {
					8C42423B1A2FE20A00FEA0FD = {
						CreatedOnToolsVersion = 6.1;
						DevelopmentTeam = 4YF896FPJ9;
						SystemCapabilities = {
							com.apple.Push = {
								enabled = 1;
							};
						};
					};
					8C4242541A2FE20A00FEA0FD = {
						CreatedOnToolsVersion = 6.1;
						TestTargetID = 8C42423B1A2FE20A00FEA0FD;
					};
					CFFDB9371CE0770400D52907 = {
						SystemCapabilities = {
							com.apple.Push = {
								enabled = 1;
							};
						};
					};
				};
			};
			buildConfigurationList = 8C4242371A2FE20A00FEA0FD /* Build configuration list for PBXProject "DaewoongElectronicApproval" */;
			compatibilityVersion = "Xcode 3.2";
			developmentRegion = English;
			hasScannedForEncodings = 0;
			knownRegions = (
				Base,
				en,
				ko,
			);
			mainGroup = 8C4242331A2FE20A00FEA0FD;
			productRefGroup = 8C42423D1A2FE20A00FEA0FD /* Products */;
			projectDirPath = "";
			projectRoot = "";
			targets = (
				8C42423B1A2FE20A00FEA0FD /* DaewoongElectronicApproval */,
				8C4242541A2FE20A00FEA0FD /* DaewoongElectronicApprovalTests */,
				CFFDB9371CE0770400D52907 /* SmartRunner */,
			);
		};
/* End PBXProject section */

/* Begin PBXResourcesBuildPhase section */
		8C42423A1A2FE20A00FEA0FD /* Resources */ = {
			isa = PBXResourcesBuildPhase;
			buildActionMask = 2147483647;
			files = (
				8C7B377F1A523B47003A0463 /* Main.storyboard in Resources */,
				8C4242AD1A2FE6F900FEA0FD /* InfoPlist.strings in Resources */,
				8C7647211A64BF8300756D17 /* Icon.png in Resources */,
				8C8D62031A4D3BB9007EED51 /* intro_ids.png in Resources */,
				CFFDB9661CE1698700D52907 /* DaewoongEA-info.plist in Resources */,
				8CB8345E1A636F000013EB1E /* default.png in Resources */,
				8C4242501A2FE20A00FEA0FD /* LaunchScreen.xib in Resources */,
				8C8D62011A4D3BB9007EED51 /* intro_bg.png in Resources */,
				8C7B377A1A5238B1003A0463 /* Localizable.strings in Resources */,
				8C42424D1A2FE20A00FEA0FD /* Images.xcassets in Resources */,
			);
			runOnlyForDeploymentPostprocessing = 0;
		};
		8C4242531A2FE20A00FEA0FD /* Resources */ = {
			isa = PBXResourcesBuildPhase;
			buildActionMask = 2147483647;
			files = (
				46CC923E1EA728CC00AD92DD /* InfoPlist.strings in Resources */,
			);
			runOnlyForDeploymentPostprocessing = 0;
		};
		CFFDB9541CE0770400D52907 /* Resources */ = {
			isa = PBXResourcesBuildPhase;
			buildActionMask = 2147483647;
			files = (
				CFFDB9651CE1698500D52907 /* SmartRunner-info.plist in Resources */,
				CFFDB9631CE168D300D52907 /* Images.xcassets in Resources */,
				CFFDB9551CE0770400D52907 /* Main.storyboard in Resources */,
				CFFDB9571CE0770400D52907 /* Icon.png in Resources */,
				CFFDB9581CE0770400D52907 /* intro_ids.png in Resources */,
				CFFDB9591CE0770400D52907 /* default.png in Resources */,
				CFFDB95A1CE0770400D52907 /* LaunchScreen.xib in Resources */,
				CFFDB95B1CE0770400D52907 /* intro_bg.png in Resources */,
				CFFDB95C1CE0770400D52907 /* Localizable.strings in Resources */,
			);
			runOnlyForDeploymentPostprocessing = 0;
		};
/* End PBXResourcesBuildPhase section */

/* Begin PBXSourcesBuildPhase section */
		8C4242381A2FE20A00FEA0FD /* Sources */ = {
			isa = PBXSourcesBuildPhase;
			buildActionMask = 2147483647;
			files = (
				8C42426B1A2FE33000FEA0FD /* LoginViewController.m in Sources */,
				8C4242A11A2FE37700FEA0FD /* UIProgressView+AFNetworking.m in Sources */,
				8C4242BD1A30040900FEA0FD /* MainWebViewController.m in Sources */,
				467139C81EA8A403006D2366 /* AFURLResponseSerialization.m in Sources */,
				467139C41EA8A403006D2366 /* AFURLConnectionOperation.m in Sources */,
				8C4DAEAF1A3FADFE004CDF92 /* Base64.m in Sources */,
				467139BC1EA8A403006D2366 /* AFHTTPRequestOperationManager.m in Sources */,
				8C42429D1A2FE37700FEA0FD /* UIActivityIndicatorView+AFNetworking.m in Sources */,
				467139C21EA8A403006D2366 /* AFSecurityPolicy.m in Sources */,
				8C4242A21A2FE37700FEA0FD /* UIRefreshControl+AFNetworking.m in Sources */,
				8C4242A31A2FE37700FEA0FD /* UIWebView+AFNetworking.m in Sources */,
				467139C61EA8A403006D2366 /* AFURLRequestSerialization.m in Sources */,
				467139C01EA8A403006D2366 /* AFNetworkReachabilityManager.m in Sources */,
				8C4242C11A300E3300FEA0FD /* Reachability.m in Sources */,
				8C42429E1A2FE37700FEA0FD /* UIAlertView+AFNetworking.m in Sources */,
				8C42429C1A2FE37700FEA0FD /* AFNetworkActivityIndicatorManager.m in Sources */,
				467139BA1EA8A403006D2366 /* AFHTTPRequestOperation.m in Sources */,
				467139CC1EA8A403006D2366 /* UIImageView+AFNetworking.m in Sources */,
				8C4242421A2FE20A00FEA0FD /* main.m in Sources */,
				467139BE1EA8A403006D2366 /* AFHTTPSessionManager.m in Sources */,
				8C42426C1A2FE33000FEA0FD /* AppDelegate.m in Sources */,
				467139CA1EA8A403006D2366 /* AFURLSessionManager.m in Sources */,
			);
			runOnlyForDeploymentPostprocessing = 0;
		};
		8C4242511A2FE20A00FEA0FD /* Sources */ = {
			isa = PBXSourcesBuildPhase;
			buildActionMask = 2147483647;
			files = (
				8C42425C1A2FE20A00FEA0FD /* DaewoongElectronicApprovalTests.m in Sources */,
			);
			runOnlyForDeploymentPostprocessing = 0;
		};
		CFFDB9381CE0770400D52907 /* Sources */ = {
			isa = PBXSourcesBuildPhase;
			buildActionMask = 2147483647;
			files = (
				CFFDB93B1CE0770400D52907 /* LoginViewController.m in Sources */,
				CFFDB93D1CE0770400D52907 /* UIProgressView+AFNetworking.m in Sources */,
				CFFDB9401CE0770400D52907 /* MainWebViewController.m in Sources */,
				467139C91EA8A403006D2366 /* AFURLResponseSerialization.m in Sources */,
				467139C51EA8A403006D2366 /* AFURLConnectionOperation.m in Sources */,
				CFFDB9411CE0770400D52907 /* Base64.m in Sources */,
				467139BD1EA8A403006D2366 /* AFHTTPRequestOperationManager.m in Sources */,
				CFFDB9441CE0770400D52907 /* UIActivityIndicatorView+AFNetworking.m in Sources */,
				467139C31EA8A403006D2366 /* AFSecurityPolicy.m in Sources */,
				CFFDB9461CE0770400D52907 /* UIRefreshControl+AFNetworking.m in Sources */,
				CFFDB9471CE0770400D52907 /* UIWebView+AFNetworking.m in Sources */,
				467139C71EA8A403006D2366 /* AFURLRequestSerialization.m in Sources */,
				467139C11EA8A403006D2366 /* AFNetworkReachabilityManager.m in Sources */,
				CFFDB9481CE0770400D52907 /* Reachability.m in Sources */,
				CFFDB94A1CE0770400D52907 /* UIAlertView+AFNetworking.m in Sources */,
				CFFDB94C1CE0770400D52907 /* AFNetworkActivityIndicatorManager.m in Sources */,
				467139BB1EA8A403006D2366 /* AFHTTPRequestOperation.m in Sources */,
				467139CD1EA8A403006D2366 /* UIImageView+AFNetworking.m in Sources */,
				CFFDB94E1CE0770400D52907 /* main.m in Sources */,
				467139BF1EA8A403006D2366 /* AFHTTPSessionManager.m in Sources */,
				CFFDB94F1CE0770400D52907 /* AppDelegate.m in Sources */,
				467139CB1EA8A403006D2366 /* AFURLSessionManager.m in Sources */,
			);
			runOnlyForDeploymentPostprocessing = 0;
		};
/* End PBXSourcesBuildPhase section */

/* Begin PBXTargetDependency section */
		8C4242571A2FE20A00FEA0FD /* PBXTargetDependency */ = {
			isa = PBXTargetDependency;
			target = 8C42423B1A2FE20A00FEA0FD /* DaewoongElectronicApproval */;
			targetProxy = 8C4242561A2FE20A00FEA0FD /* PBXContainerItemProxy */;
		};
/* End PBXTargetDependency section */

/* Begin PBXVariantGroup section */
		8C42424E1A2FE20A00FEA0FD /* LaunchScreen.xib */ = {
			isa = PBXVariantGroup;
			children = (
				8C42424F1A2FE20A00FEA0FD /* Base */,
				8C48E1D31A42653100B8FF8D /* en */,
				8C7B37761A523857003A0463 /* ko */,
			);
			name = LaunchScreen.xib;
			sourceTree = "<group>";
		};
		8C4242AF1A2FE6F900FEA0FD /* InfoPlist.strings */ = {
			isa = PBXVariantGroup;
			children = (
				8C4242AE1A2FE6F900FEA0FD /* Base */,
				8C8D61EB1A4CE94D007EED51 /* en */,
				8C7B37771A52386E003A0463 /* ko */,
			);
			name = InfoPlist.strings;
			sourceTree = "<group>";
		};
		8C7B377C1A5238B1003A0463 /* Localizable.strings */ = {
			isa = PBXVariantGroup;
			children = (
				8C7B377B1A5238B1003A0463 /* Base */,
				8C7B377D1A5238B4003A0463 /* en */,
				8C7B377E1A5238B5003A0463 /* ko */,
			);
			name = Localizable.strings;
			sourceTree = "<group>";
		};
		8C7B37811A523B47003A0463 /* Main.storyboard */ = {
			isa = PBXVariantGroup;
			children = (
				8C7B37801A523B47003A0463 /* Base */,
				8C7B37831A523B4D003A0463 /* en */,
				8C7B37851A523B4E003A0463 /* ko */,
			);
			name = Main.storyboard;
			sourceTree = "<group>";
		};
/* End PBXVariantGroup section */

/* Begin XCBuildConfiguration section */
		46CC922C1EA7245F00AD92DD /* Distribution */ = {
			isa = XCBuildConfiguration;
			buildSettings = {
				ALWAYS_SEARCH_USER_PATHS = NO;
				CLANG_CXX_LANGUAGE_STANDARD = "gnu++0x";
				CLANG_CXX_LIBRARY = "libc++";
				CLANG_ENABLE_MODULES = YES;
				CLANG_ENABLE_OBJC_ARC = YES;
				CLANG_WARN_BOOL_CONVERSION = YES;
				CLANG_WARN_CONSTANT_CONVERSION = YES;
				CLANG_WARN_DIRECT_OBJC_ISA_USAGE = YES_ERROR;
				CLANG_WARN_EMPTY_BODY = YES;
				CLANG_WARN_ENUM_CONVERSION = YES;
				CLANG_WARN_INT_CONVERSION = YES;
				CLANG_WARN_OBJC_ROOT_CLASS = YES_ERROR;
				CLANG_WARN_UNREACHABLE_CODE = YES;
				CLANG_WARN__DUPLICATE_METHOD_MATCH = YES;
				"CODE_SIGN_IDENTITY[sdk=iphoneos*]" = "iPhone Developer";
				COPY_PHASE_STRIP = YES;
				ENABLE_NS_ASSERTIONS = NO;
				ENABLE_STRICT_OBJC_MSGSEND = YES;
				GCC_C_LANGUAGE_STANDARD = gnu99;
				GCC_WARN_64_TO_32_BIT_CONVERSION = YES;
				GCC_WARN_ABOUT_RETURN_TYPE = YES_ERROR;
				GCC_WARN_UNDECLARED_SELECTOR = YES;
				GCC_WARN_UNINITIALIZED_AUTOS = YES_AGGRESSIVE;
				GCC_WARN_UNUSED_FUNCTION = YES;
				GCC_WARN_UNUSED_VARIABLE = YES;
				IPHONEOS_DEPLOYMENT_TARGET = 6.0;
				MTL_ENABLE_DEBUG_INFO = NO;
				SDKROOT = iphoneos;
				VALIDATE_PRODUCT = YES;
			};
			name = Distribution;
		};
		46CC922D1EA7245F00AD92DD /* Distribution */ = {
			isa = XCBuildConfiguration;
			buildSettings = {
				ASSETCATALOG_COMPILER_APPICON_NAME = AppIcon;
				ASSETCATALOG_COMPILER_LAUNCHIMAGE_NAME = LaunchImage;
				CODE_SIGN_ENTITLEMENTS = DaewoongElectronicApproval/DaewoongElectronicApproval.entitlements;
				CODE_SIGN_IDENTITY = "iPhone Distribution: UWISEONE Co., Ltd. (289642M683)";
				"CODE_SIGN_IDENTITY[sdk=iphoneos*]" = "iPhone Distribution: UWISEONE Co., Ltd. (289642M683)";
				GCC_PREFIX_HEADER = "DaewoongElectronicApproval/DaewoongEA-Prefix.pch";
				GCC_PREPROCESSOR_DEFINITIONS = Daewoong;
				INFOPLIST_FILE = "DaewoongElectronicApproval/DaewoongEA-info.plist";
				IPHONEOS_DEPLOYMENT_TARGET = 8.0;
				LD_RUNPATH_SEARCH_PATHS = "$(inherited) @executable_path/Frameworks";
				PRODUCT_NAME = DaewoongElectronicApproval;
				PROVISIONING_PROFILE = "d3349a4b-f9d8-4bf3-a4f0-11d64927bbd0";
				TARGETED_DEVICE_FAMILY = 1;
			};
			name = Distribution;
		};
		46CC922E1EA7245F00AD92DD /* Distribution */ = {
			isa = XCBuildConfiguration;
			buildSettings = {
				BUNDLE_LOADER = "$(TEST_HOST)";
				FRAMEWORK_SEARCH_PATHS = (
					"$(SDKROOT)/Developer/Library/Frameworks",
					"$(inherited)",
				);
				INFOPLIST_FILE = DaewoongElectronicApprovalTests/Info.plist;
				LD_RUNPATH_SEARCH_PATHS = "$(inherited) @executable_path/Frameworks @loader_path/Frameworks";
				PRODUCT_NAME = DaewoongElectronicApprovalTests;
				TEST_HOST = "$(BUILT_PRODUCTS_DIR)/DaewoongElectronicApproval.app/DaewoongElectronicApproval";
			};
			name = Distribution;
		};
		46CC922F1EA7245F00AD92DD /* Distribution */ = {
			isa = XCBuildConfiguration;
			buildSettings = {
				ASSETCATALOG_COMPILER_APPICON_NAME = AppIcon;
				ASSETCATALOG_COMPILER_LAUNCHIMAGE_NAME = LaunchImage;
				CODE_SIGN_ENTITLEMENTS = SmartRunner.entitlements;
				CODE_SIGN_IDENTITY = "iPhone Distribution: UWISEONE Co., Ltd. (289642M683)";
				"CODE_SIGN_IDENTITY[sdk=iphoneos*]" = "iPhone Distribution: UWISEONE Co., Ltd. (289642M683)";
				GCC_PREFIX_HEADER = "DaewoongElectronicApproval/DaewoongEA-Prefix.pch";
				GCC_PREPROCESSOR_DEFINITIONS = SmartRunner;
				INFOPLIST_FILE = "DaewoongElectronicApproval/SmartRunner-info.plist";
				IPHONEOS_DEPLOYMENT_TARGET = 8.0;
				LD_RUNPATH_SEARCH_PATHS = "$(inherited) @executable_path/Frameworks";
				PRODUCT_BUNDLE_IDENTIFIER = "com.uwiseone.Smart-Runner";
				PRODUCT_NAME = "$(TARGET_NAME)";
				PROVISIONING_PROFILE = "570d68c4-c95c-4503-95e0-212569e940e1";
				TARGETED_DEVICE_FAMILY = 1;
			};
			name = Distribution;
		};
		8C42425D1A2FE20A00FEA0FD /* Debug */ = {
			isa = XCBuildConfiguration;
			buildSettings = {
				ALWAYS_SEARCH_USER_PATHS = NO;
				CLANG_CXX_LANGUAGE_STANDARD = "gnu++0x";
				CLANG_CXX_LIBRARY = "libc++";
				CLANG_ENABLE_MODULES = YES;
				CLANG_ENABLE_OBJC_ARC = YES;
				CLANG_WARN_BOOL_CONVERSION = YES;
				CLANG_WARN_CONSTANT_CONVERSION = YES;
				CLANG_WARN_DIRECT_OBJC_ISA_USAGE = YES_ERROR;
				CLANG_WARN_EMPTY_BODY = YES;
				CLANG_WARN_ENUM_CONVERSION = YES;
				CLANG_WARN_INT_CONVERSION = YES;
				CLANG_WARN_OBJC_ROOT_CLASS = YES_ERROR;
				CLANG_WARN_UNREACHABLE_CODE = YES;
				CLANG_WARN__DUPLICATE_METHOD_MATCH = YES;
				"CODE_SIGN_IDENTITY[sdk=iphoneos*]" = "iPhone Developer";
				COPY_PHASE_STRIP = NO;
				ENABLE_STRICT_OBJC_MSGSEND = YES;
				GCC_C_LANGUAGE_STANDARD = gnu99;
				GCC_DYNAMIC_NO_PIC = NO;
				GCC_OPTIMIZATION_LEVEL = 0;
				GCC_PREPROCESSOR_DEFINITIONS = (
					"DEBUG=1",
					"$(inherited)",
				);
				GCC_SYMBOLS_PRIVATE_EXTERN = NO;
				GCC_WARN_64_TO_32_BIT_CONVERSION = YES;
				GCC_WARN_ABOUT_RETURN_TYPE = YES_ERROR;
				GCC_WARN_UNDECLARED_SELECTOR = YES;
				GCC_WARN_UNINITIALIZED_AUTOS = YES_AGGRESSIVE;
				GCC_WARN_UNUSED_FUNCTION = YES;
				GCC_WARN_UNUSED_VARIABLE = YES;
				IPHONEOS_DEPLOYMENT_TARGET = 6.0;
				MTL_ENABLE_DEBUG_INFO = YES;
				ONLY_ACTIVE_ARCH = YES;
				SDKROOT = iphoneos;
			};
			name = Debug;
		};
		8C42425E1A2FE20A00FEA0FD /* Release */ = {
			isa = XCBuildConfiguration;
			buildSettings = {
				ALWAYS_SEARCH_USER_PATHS = NO;
				CLANG_CXX_LANGUAGE_STANDARD = "gnu++0x";
				CLANG_CXX_LIBRARY = "libc++";
				CLANG_ENABLE_MODULES = YES;
				CLANG_ENABLE_OBJC_ARC = YES;
				CLANG_WARN_BOOL_CONVERSION = YES;
				CLANG_WARN_CONSTANT_CONVERSION = YES;
				CLANG_WARN_DIRECT_OBJC_ISA_USAGE = YES_ERROR;
				CLANG_WARN_EMPTY_BODY = YES;
				CLANG_WARN_ENUM_CONVERSION = YES;
				CLANG_WARN_INT_CONVERSION = YES;
				CLANG_WARN_OBJC_ROOT_CLASS = YES_ERROR;
				CLANG_WARN_UNREACHABLE_CODE = YES;
				CLANG_WARN__DUPLICATE_METHOD_MATCH = YES;
				"CODE_SIGN_IDENTITY[sdk=iphoneos*]" = "iPhone Developer";
				COPY_PHASE_STRIP = YES;
				ENABLE_NS_ASSERTIONS = NO;
				ENABLE_STRICT_OBJC_MSGSEND = YES;
				GCC_C_LANGUAGE_STANDARD = gnu99;
				GCC_WARN_64_TO_32_BIT_CONVERSION = YES;
				GCC_WARN_ABOUT_RETURN_TYPE = YES_ERROR;
				GCC_WARN_UNDECLARED_SELECTOR = YES;
				GCC_WARN_UNINITIALIZED_AUTOS = YES_AGGRESSIVE;
				GCC_WARN_UNUSED_FUNCTION = YES;
				GCC_WARN_UNUSED_VARIABLE = YES;
				IPHONEOS_DEPLOYMENT_TARGET = 6.0;
				MTL_ENABLE_DEBUG_INFO = NO;
				SDKROOT = iphoneos;
				VALIDATE_PRODUCT = YES;
			};
			name = Release;
		};
		8C4242601A2FE20A00FEA0FD /* Debug */ = {
			isa = XCBuildConfiguration;
			buildSettings = {
				ASSETCATALOG_COMPILER_APPICON_NAME = AppIcon;
				ASSETCATALOG_COMPILER_LAUNCHIMAGE_NAME = LaunchImage;
				CODE_SIGN_ENTITLEMENTS = DaewoongElectronicApproval/DaewoongElectronicApproval.entitlements;
				CODE_SIGN_IDENTITY = "iPhone Distribution: UWISEONE Co., Ltd. (289642M683)";
				"CODE_SIGN_IDENTITY[sdk=iphoneos*]" = "iPhone Distribution: UWISEONE Co., Ltd. (289642M683)";
				GCC_PREFIX_HEADER = "DaewoongElectronicApproval/DaewoongEA-Prefix.pch";
				GCC_PREPROCESSOR_DEFINITIONS = (
					"DEBUG=1",
					Daewoong,
				);
				INFOPLIST_FILE = "DaewoongElectronicApproval/DaewoongEA-info.plist";
				IPHONEOS_DEPLOYMENT_TARGET = 8.0;
				LD_RUNPATH_SEARCH_PATHS = "$(inherited) @executable_path/Frameworks";
				PRODUCT_NAME = DaewoongElectronicApproval;
				PROVISIONING_PROFILE = "d3349a4b-f9d8-4bf3-a4f0-11d64927bbd0";
				TARGETED_DEVICE_FAMILY = 1;
			};
			name = Debug;
		};
		8C4242611A2FE20A00FEA0FD /* Release */ = {
			isa = XCBuildConfiguration;
			buildSettings = {
				ASSETCATALOG_COMPILER_APPICON_NAME = AppIcon;
				ASSETCATALOG_COMPILER_LAUNCHIMAGE_NAME = LaunchImage;
				CODE_SIGN_ENTITLEMENTS = DaewoongElectronicApproval/DaewoongElectronicApproval.entitlements;
				CODE_SIGN_IDENTITY = "iPhone Distribution: UWISEONE Co., Ltd. (289642M683)";
				"CODE_SIGN_IDENTITY[sdk=iphoneos*]" = "iPhone Distribution: UWISEONE Co., Ltd. (289642M683)";
				GCC_PREFIX_HEADER = "DaewoongElectronicApproval/DaewoongEA-Prefix.pch";
				GCC_PREPROCESSOR_DEFINITIONS = Daewoong;
				INFOPLIST_FILE = "DaewoongElectronicApproval/DaewoongEA-info.plist";
				IPHONEOS_DEPLOYMENT_TARGET = 8.0;
				LD_RUNPATH_SEARCH_PATHS = "$(inherited) @executable_path/Frameworks";
				PRODUCT_NAME = DaewoongElectronicApproval;
				PROVISIONING_PROFILE = "502c974a-ff3b-4d19-ba98-f5718b93f37c";
				TARGETED_DEVICE_FAMILY = 1;
			};
			name = Release;
		};
		8C4242631A2FE20A00FEA0FD /* Debug */ = {
			isa = XCBuildConfiguration;
			buildSettings = {
				BUNDLE_LOADER = "$(TEST_HOST)";
				FRAMEWORK_SEARCH_PATHS = (
					"$(SDKROOT)/Developer/Library/Frameworks",
					"$(inherited)",
				);
				GCC_PREPROCESSOR_DEFINITIONS = (
					"DEBUG=1",
					"$(inherited)",
				);
				INFOPLIST_FILE = DaewoongElectronicApprovalTests/Info.plist;
				LD_RUNPATH_SEARCH_PATHS = "$(inherited) @executable_path/Frameworks @loader_path/Frameworks";
				PRODUCT_NAME = DaewoongElectronicApprovalTests;
				TEST_HOST = "$(BUILT_PRODUCTS_DIR)/DaewoongElectronicApproval.app/DaewoongElectronicApproval";
			};
			name = Debug;
		};
		8C4242641A2FE20A00FEA0FD /* Release */ = {
			isa = XCBuildConfiguration;
			buildSettings = {
				BUNDLE_LOADER = "$(TEST_HOST)";
				FRAMEWORK_SEARCH_PATHS = (
					"$(SDKROOT)/Developer/Library/Frameworks",
					"$(inherited)",
				);
				INFOPLIST_FILE = DaewoongElectronicApprovalTests/Info.plist;
				LD_RUNPATH_SEARCH_PATHS = "$(inherited) @executable_path/Frameworks @loader_path/Frameworks";
				PRODUCT_NAME = DaewoongElectronicApprovalTests;
				TEST_HOST = "$(BUILT_PRODUCTS_DIR)/DaewoongElectronicApproval.app/DaewoongElectronicApproval";
			};
			name = Release;
		};
		CFFDB95F1CE0770400D52907 /* Debug */ = {
			isa = XCBuildConfiguration;
			buildSettings = {
				ASSETCATALOG_COMPILER_APPICON_NAME = AppIcon;
				ASSETCATALOG_COMPILER_LAUNCHIMAGE_NAME = LaunchImage;
				CODE_SIGN_ENTITLEMENTS = SmartRunner.entitlements;
				CODE_SIGN_IDENTITY = "iPhone Distribution: UWISEONE Co., Ltd. (289642M683)";
				"CODE_SIGN_IDENTITY[sdk=iphoneos*]" = "iPhone Distribution: UWISEONE Co., Ltd. (289642M683)";
				GCC_PREFIX_HEADER = "DaewoongElectronicApproval/DaewoongEA-Prefix.pch";
				GCC_PREPROCESSOR_DEFINITIONS = (
					"DEBUG=1",
					SmartRunner,
				);
				INFOPLIST_FILE = "DaewoongElectronicApproval/SmartRunner-info.plist";
				IPHONEOS_DEPLOYMENT_TARGET = 8.0;
				LD_RUNPATH_SEARCH_PATHS = "$(inherited) @executable_path/Frameworks";
				PRODUCT_BUNDLE_IDENTIFIER = "com.uwiseone.Smart-Runner";
				PRODUCT_NAME = "$(TARGET_NAME)";
				PROVISIONING_PROFILE = "570d68c4-c95c-4503-95e0-212569e940e1";
				TARGETED_DEVICE_FAMILY = 1;
			};
			name = Debug;
		};
		CFFDB9601CE0770400D52907 /* Release */ = {
			isa = XCBuildConfiguration;
			buildSettings = {
				ASSETCATALOG_COMPILER_APPICON_NAME = AppIcon;
				ASSETCATALOG_COMPILER_LAUNCHIMAGE_NAME = LaunchImage;
				CODE_SIGN_ENTITLEMENTS = SmartRunner.entitlements;
				CODE_SIGN_IDENTITY = "iPhone Distribution: UWISEONE Co., Ltd. (289642M683)";
				"CODE_SIGN_IDENTITY[sdk=iphoneos*]" = "iPhone Distribution: UWISEONE Co., Ltd. (289642M683)";
				GCC_PREFIX_HEADER = "DaewoongElectronicApproval/DaewoongEA-Prefix.pch";
				GCC_PREPROCESSOR_DEFINITIONS = SmartRunner;
				INFOPLIST_FILE = "DaewoongElectronicApproval/SmartRunner-info.plist";
				IPHONEOS_DEPLOYMENT_TARGET = 8.0;
				LD_RUNPATH_SEARCH_PATHS = "$(inherited) @executable_path/Frameworks";
				PRODUCT_BUNDLE_IDENTIFIER = "com.uwiseone.Smart-Runner";
				PRODUCT_NAME = "$(TARGET_NAME)";
				PROVISIONING_PROFILE = "fb040587-5014-477f-89aa-936aecb57a61";
				TARGETED_DEVICE_FAMILY = 1;
			};
			name = Release;
		};
/* End XCBuildConfiguration section */

/* Begin XCConfigurationList section */
		8C4242371A2FE20A00FEA0FD /* Build configuration list for PBXProject "DaewoongElectronicApproval" */ = {
			isa = XCConfigurationList;
			buildConfigurations = (
				8C42425D1A2FE20A00FEA0FD /* Debug */,
				8C42425E1A2FE20A00FEA0FD /* Release */,
				46CC922C1EA7245F00AD92DD /* Distribution */,
			);
			defaultConfigurationIsVisible = 0;
			defaultConfigurationName = Release;
		};
		8C42425F1A2FE20A00FEA0FD /* Build configuration list for PBXNativeTarget "DaewoongElectronicApproval" */ = {
			isa = XCConfigurationList;
			buildConfigurations = (
				8C4242601A2FE20A00FEA0FD /* Debug */,
				8C4242611A2FE20A00FEA0FD /* Release */,
				46CC922D1EA7245F00AD92DD /* Distribution */,
			);
			defaultConfigurationIsVisible = 0;
			defaultConfigurationName = Release;
		};
		8C4242621A2FE20A00FEA0FD /* Build configuration list for PBXNativeTarget "DaewoongElectronicApprovalTests" */ = {
			isa = XCConfigurationList;
			buildConfigurations = (
				8C4242631A2FE20A00FEA0FD /* Debug */,
				8C4242641A2FE20A00FEA0FD /* Release */,
				46CC922E1EA7245F00AD92DD /* Distribution */,
			);
			defaultConfigurationIsVisible = 0;
			defaultConfigurationName = Release;
		};
		CFFDB95E1CE0770400D52907 /* Build configuration list for PBXNativeTarget "SmartRunner" */ = {
			isa = XCConfigurationList;
			buildConfigurations = (
				CFFDB95F1CE0770400D52907 /* Debug */,
				CFFDB9601CE0770400D52907 /* Release */,
				46CC922F1EA7245F00AD92DD /* Distribution */,
			);
			defaultConfigurationIsVisible = 0;
			defaultConfigurationName = Release;
		};
/* End XCConfigurationList section */
	};
	rootObject = 8C4242341A2FE20A00FEA0FD /* Project object */;
}
